
Microsoft Visual Studio Solution File, Format Version 12.00
# Visual Studio Version 17
VisualStudioVersion = 17.7.34024.191
MinimumVisualStudioVersion = 10.0.40219.1
Project("{FAE04EC0-301F-11D3-BF4B-00C04F79EFBC}") = "1_project", "1_project.csproj", "{DA0DEA7C-6081-4775-A42C-D6202F8295AB}"
EndProject
Global
	GlobalSection(SolutionConfigurationPlatforms) = preSolution
		Debug|Any CPU = Debug|Any CPU
		Release|Any CPU = Release|Any CPU
	EndGlobalSection
	GlobalSection(ProjectConfigurationPlatforms) = postSolution
		{DA0DEA7C-6081-4775-A42C-D6202F8295AB}.Debug|Any CPU.ActiveCfg = Debug|Any CPU
		{DA0DEA7C-6081-4775-A42C-D6202F8295AB}.Debug|Any CPU.Build.0 = Debug|Any CPU
		{DA0DEA7C-6081-4775-A42C-D6202F8295AB}.Release|Any CPU.ActiveCfg = Release|Any CPU
		{DA0DEA7C-6081-4775-A42C-D6202F8295AB}.Release|Any CPU.Build.0 = Release|Any CPU
	EndGlobalSection
	GlobalSection(SolutionProperties) = preSolution
		HideSolutionNode = FALSE
	EndGlobalSection
	GlobalSection(ExtensibilityGlobals) = postSolution
		SolutionGuid = {55CC7517-828C-41CC-A964-4328B758A1AD}
	EndGlobalSection
EndGlobal
